
Microsoft Visual Studio Solution File, Format Version 12.00
# Visual Studio 2013
VisualStudioVersion = 12.0.31101.0
MinimumVisualStudioVersion = 10.0.40219.1
Project("{FAE04EC0-301F-11D3-BF4B-00C04F79EFBC}") = "BrewHounds", "BrewHounds\BrewHounds.csproj", "{1C702F93-D4AC-4BD5-8425-78D7E0641780}"
EndProject
Project("{2150E333-8FDC-42A3-9474-1A3956D46DE8}") = "PublishScripts", "PublishScripts", "{86004C36-3069-45FF-8F58-4A7D4BCF8610}"
	ProjectSection(SolutionItems) = preProject
		PublishScripts\AzureWebsitePublishModule.psm1 = PublishScripts\AzureWebsitePublishModule.psm1
		PublishScripts\Publish-WebApplicationWebsite.ps1 = PublishScripts\Publish-WebApplicationWebsite.ps1
	EndProjectSection
EndProject
Project("{2150E333-8FDC-42A3-9474-1A3956D46DE8}") = "Configurations", "Configurations", "{2E42A938-2A5A-4278-B6FD-E10F2A4FAE0A}"
	ProjectSection(SolutionItems) = preProject
		PublishScripts\Configurations\BrewHounds-WAWS-dev.json = PublishScripts\Configurations\BrewHounds-WAWS-dev.json
	EndProjectSection
EndProject
Global
	GlobalSection(SolutionConfigurationPlatforms) = preSolution
		Debug|Any CPU = Debug|Any CPU
		Release|Any CPU = Release|Any CPU
	EndGlobalSection
	GlobalSection(ProjectConfigurationPlatforms) = postSolution
		{1C702F93-D4AC-4BD5-8425-78D7E0641780}.Debug|Any CPU.ActiveCfg = Debug|Any CPU
		{1C702F93-D4AC-4BD5-8425-78D7E0641780}.Debug|Any CPU.Build.0 = Debug|Any CPU
		{1C702F93-D4AC-4BD5-8425-78D7E0641780}.Release|Any CPU.ActiveCfg = Release|Any CPU
		{1C702F93-D4AC-4BD5-8425-78D7E0641780}.Release|Any CPU.Build.0 = Release|Any CPU
	EndGlobalSection
	GlobalSection(SolutionProperties) = preSolution
		HideSolutionNode = FALSE
	EndGlobalSection
	GlobalSection(NestedProjects) = preSolution
		{2E42A938-2A5A-4278-B6FD-E10F2A4FAE0A} = {86004C36-3069-45FF-8F58-4A7D4BCF8610}
	EndGlobalSection
EndGlobal
